
Microsoft Visual Studio Solution File, Format Version 12.00
# Visual Studio Version 17
VisualStudioVersion = 17.5.33424.131
MinimumVisualStudioVersion = 10.0.40219.1
Project("{9A19103F-16F7-4668-BE54-9A1E7A4F7556}") = "OmniBot.Bots.Discord", "Bots\OmniBot.Bots.Discord\OmniBot.Bots.Discord.csproj", "{57BC3938-CE23-4600-B06A-00640B68D5C6}"
EndProject
Project("{9A19103F-16F7-4668-BE54-9A1E7A4F7556}") = "OmniBot.Azure", "OmniBot.Azure\OmniBot.Azure.csproj", "{4B442D7F-BCC3-4D5F-8BF8-AC4738B1150A}"
EndProject
Project("{9A19103F-16F7-4668-BE54-9A1E7A4F7556}") = "OmniBot.Common", "OmniBot.Common\OmniBot.Common.csproj", "{9B25C20F-7D55-40A9-9F54-193268C974BF}"
EndProject
Project("{9A19103F-16F7-4668-BE54-9A1E7A4F7556}") = "OmniBot.OpenAI", "OmniBot.OpenAI\OmniBot.OpenAI.csproj", "{F3D8D500-0E5D-4CCB-962D-E734ECAE8866}"
EndProject
Project("{9A19103F-16F7-4668-BE54-9A1E7A4F7556}") = "OmniBot.Windows", "OmniBot.Windows\OmniBot.Windows.csproj", "{8769EA5D-974F-436F-B4BF-CFDFAD7D946E}"
EndProject
Project("{9A19103F-16F7-4668-BE54-9A1E7A4F7556}") = "OmniBot.Discord", "OmniBot.Discord\OmniBot.Discord.csproj", "{AFE335D3-C276-43FE-B0FC-DB358448D4F7}"
EndProject
Project("{9A19103F-16F7-4668-BE54-9A1E7A4F7556}") = "OmniBot.Bots.HomeAssistant", "Bots\OmniBot.Bots.HomeAssistant\OmniBot.Bots.HomeAssistant.csproj", "{10C40BCA-1D6A-44E7-9C8A-09623C74177A}"
EndProject
Project("{2150E333-8FDC-42A3-9474-1A3956D46DE8}") = "Bots", "Bots", "{B65B8969-77CB-4534-B5F1-D2872E5F57EF}"
EndProject
Project("{9A19103F-16F7-4668-BE54-9A1E7A4F7556}") = "OmniBot.Bots.Windows", "Bots\OmniBot.Bots.Windows\OmniBot.Bots.Windows.csproj", "{74CF8930-4249-4070-92F8-059100EEC390}"
EndProject
Project("{9A19103F-16F7-4668-BE54-9A1E7A4F7556}") = "OmniBot.Bots.Blazor", "Bots\OmniBot.Bots.Blazor\OmniBot.Bots.Blazor.csproj", "{4F12AE34-C34B-4533-9E6B-5066A5AD09E1}"
EndProject
Project("{9A19103F-16F7-4668-BE54-9A1E7A4F7556}") = "OmniBot.Blazor", "OmniBot.Blazor\OmniBot.Blazor.csproj", "{91FD8B9E-A56C-4FDA-8A32-C4D8284FC7E4}"
EndProject
Project("{9A19103F-16F7-4668-BE54-9A1E7A4F7556}") = "OmniBot.Bots.JailBash", "Bots\OmniBot.Bots.JailBash\OmniBot.Bots.JailBash.csproj", "{238CB2F6-5CBB-4DC6-86FC-E7FDCAD5F7C4}"
EndProject
Project("{9A19103F-16F7-4668-BE54-9A1E7A4F7556}") = "OmniBot.Bots.ChatClient", "Bots\OmniBot.Bots.ChatClient\OmniBot.Bots.ChatClient.csproj", "{80B2E86A-CF3A-4C73-A6AA-3A0575AD5997}"
EndProject
Project("{9A19103F-16F7-4668-BE54-9A1E7A4F7556}") = "OmniBot.Bots.GuidanceTest", "Bots\OmniBot.Bots.GuidanceTest\OmniBot.Bots.GuidanceTest.csproj", "{8B3EDE05-C61B-49DD-AD77-AFFCB62F1E8B}"
EndProject
Project("{9A19103F-16F7-4668-BE54-9A1E7A4F7556}") = "OmniBot.SIPSorcery", "OmniBot.SIPSorcery\OmniBot.SIPSorcery.csproj", "{83BCDBF8-6156-4255-8733-322E05D56B0E}"
EndProject
Project("{9A19103F-16F7-4668-BE54-9A1E7A4F7556}") = "OmniBot.Bots.Doorbell", "Bots\OmniBot.Bots.Doorbell\OmniBot.Bots.Doorbell.csproj", "{B5A76778-EE7C-425B-ABCE-E710B97356E3}"
EndProject
Project("{9A19103F-16F7-4668-BE54-9A1E7A4F7556}") = "OmniBot.Bots.Home", "Bots\OmniBot.Bots.Home\OmniBot.Bots.Home.csproj", "{63B553D2-348F-44EC-8294-F23F81AF21E3}"
EndProject
Project("{9A19103F-16F7-4668-BE54-9A1E7A4F7556}") = "OmniBot.ML", "OmniBot.ML\OmniBot.ML.csproj", "{B94F0052-6E62-404D-88ED-666F219682D0}"
EndProject
Global
	GlobalSection(SolutionConfigurationPlatforms) = preSolution
		Debug|Any CPU = Debug|Any CPU
		Release|Any CPU = Release|Any CPU
	EndGlobalSection
	GlobalSection(ProjectConfigurationPlatforms) = postSolution
		{57BC3938-CE23-4600-B06A-00640B68D5C6}.Debug|Any CPU.ActiveCfg = Debug|Any CPU
		{57BC3938-CE23-4600-B06A-00640B68D5C6}.Debug|Any CPU.Build.0 = Debug|Any CPU
		{57BC3938-CE23-4600-B06A-00640B68D5C6}.Release|Any CPU.ActiveCfg = Release|Any CPU
		{57BC3938-CE23-4600-B06A-00640B68D5C6}.Release|Any CPU.Build.0 = Release|Any CPU
		{4B442D7F-BCC3-4D5F-8BF8-AC4738B1150A}.Debug|Any CPU.ActiveCfg = Debug|Any CPU
		{4B442D7F-BCC3-4D5F-8BF8-AC4738B1150A}.Debug|Any CPU.Build.0 = Debug|Any CPU
		{4B442D7F-BCC3-4D5F-8BF8-AC4738B1150A}.Release|Any CPU.ActiveCfg = Release|Any CPU
		{4B442D7F-BCC3-4D5F-8BF8-AC4738B1150A}.Release|Any CPU.Build.0 = Release|Any CPU
		{9B25C20F-7D55-40A9-9F54-193268C974BF}.Debug|Any CPU.ActiveCfg = Debug|Any CPU
		{9B25C20F-7D55-40A9-9F54-193268C974BF}.Debug|Any CPU.Build.0 = Debug|Any CPU
		{9B25C20F-7D55-40A9-9F54-193268C974BF}.Release|Any CPU.ActiveCfg = Release|Any CPU
		{9B25C20F-7D55-40A9-9F54-193268C974BF}.Release|Any CPU.Build.0 = Release|Any CPU
		{F3D8D500-0E5D-4CCB-962D-E734ECAE8866}.Debug|Any CPU.ActiveCfg = Debug|Any CPU
		{F3D8D500-0E5D-4CCB-962D-E734ECAE8866}.Debug|Any CPU.Build.0 = Debug|Any CPU
		{F3D8D500-0E5D-4CCB-962D-E734ECAE8866}.Release|Any CPU.ActiveCfg = Release|Any CPU
		{F3D8D500-0E5D-4CCB-962D-E734ECAE8866}.Release|Any CPU.Build.0 = Release|Any CPU
		{8769EA5D-974F-436F-B4BF-CFDFAD7D946E}.Debug|Any CPU.ActiveCfg = Debug|Any CPU
		{8769EA5D-974F-436F-B4BF-CFDFAD7D946E}.Debug|Any CPU.Build.0 = Debug|Any CPU
		{8769EA5D-974F-436F-B4BF-CFDFAD7D946E}.Release|Any CPU.ActiveCfg = Release|Any CPU
		{8769EA5D-974F-436F-B4BF-CFDFAD7D946E}.Release|Any CPU.Build.0 = Release|Any CPU
		{AFE335D3-C276-43FE-B0FC-DB358448D4F7}.Debug|Any CPU.ActiveCfg = Debug|Any CPU
		{AFE335D3-C276-43FE-B0FC-DB358448D4F7}.Debug|Any CPU.Build.0 = Debug|Any CPU
		{AFE335D3-C276-43FE-B0FC-DB358448D4F7}.Release|Any CPU.ActiveCfg = Release|Any CPU
		{AFE335D3-C276-43FE-B0FC-DB358448D4F7}.Release|Any CPU.Build.0 = Release|Any CPU
		{10C40BCA-1D6A-44E7-9C8A-09623C74177A}.Debug|Any CPU.ActiveCfg = Debug|Any CPU
		{10C40BCA-1D6A-44E7-9C8A-09623C74177A}.Debug|Any CPU.Build.0 = Debug|Any CPU
		{10C40BCA-1D6A-44E7-9C8A-09623C74177A}.Release|Any CPU.ActiveCfg = Release|Any CPU
		{10C40BCA-1D6A-44E7-9C8A-09623C74177A}.Release|Any CPU.Build.0 = Release|Any CPU
		{74CF8930-4249-4070-92F8-059100EEC390}.Debug|Any CPU.ActiveCfg = Debug|Any CPU
		{74CF8930-4249-4070-92F8-059100EEC390}.Debug|Any CPU.Build.0 = Debug|Any CPU
		{74CF8930-4249-4070-92F8-059100EEC390}.Release|Any CPU.ActiveCfg = Release|Any CPU
		{74CF8930-4249-4070-92F8-059100EEC390}.Release|Any CPU.Build.0 = Release|Any CPU
		{4F12AE34-C34B-4533-9E6B-5066A5AD09E1}.Debug|Any CPU.ActiveCfg = Debug|Any CPU
		{4F12AE34-C34B-4533-9E6B-5066A5AD09E1}.Debug|Any CPU.Build.0 = Debug|Any CPU
		{4F12AE34-C34B-4533-9E6B-5066A5AD09E1}.Release|Any CPU.ActiveCfg = Release|Any CPU
		{4F12AE34-C34B-4533-9E6B-5066A5AD09E1}.Release|Any CPU.Build.0 = Release|Any CPU
		{91FD8B9E-A56C-4FDA-8A32-C4D8284FC7E4}.Debug|Any CPU.ActiveCfg = Debug|Any CPU
		{91FD8B9E-A56C-4FDA-8A32-C4D8284FC7E4}.Debug|Any CPU.Build.0 = Debug|Any CPU
		{91FD8B9E-A56C-4FDA-8A32-C4D8284FC7E4}.Release|Any CPU.ActiveCfg = Release|Any CPU
		{91FD8B9E-A56C-4FDA-8A32-C4D8284FC7E4}.Release|Any CPU.Build.0 = Release|Any CPU
		{238CB2F6-5CBB-4DC6-86FC-E7FDCAD5F7C4}.Debug|Any CPU.ActiveCfg = Debug|Any CPU
		{238CB2F6-5CBB-4DC6-86FC-E7FDCAD5F7C4}.Debug|Any CPU.Build.0 = Debug|Any CPU
		{238CB2F6-5CBB-4DC6-86FC-E7FDCAD5F7C4}.Release|Any CPU.ActiveCfg = Release|Any CPU
		{238CB2F6-5CBB-4DC6-86FC-E7FDCAD5F7C4}.Release|Any CPU.Build.0 = Release|Any CPU
		{80B2E86A-CF3A-4C73-A6AA-3A0575AD5997}.Debug|Any CPU.ActiveCfg = Debug|Any CPU
		{80B2E86A-CF3A-4C73-A6AA-3A0575AD5997}.Debug|Any CPU.Build.0 = Debug|Any CPU
		{80B2E86A-CF3A-4C73-A6AA-3A0575AD5997}.Release|Any CPU.ActiveCfg = Release|Any CPU
		{80B2E86A-CF3A-4C73-A6AA-3A0575AD5997}.Release|Any CPU.Build.0 = Release|Any CPU
		{8B3EDE05-C61B-49DD-AD77-AFFCB62F1E8B}.Debug|Any CPU.ActiveCfg = Debug|Any CPU
		{8B3EDE05-C61B-49DD-AD77-AFFCB62F1E8B}.Debug|Any CPU.Build.0 = Debug|Any CPU
		{8B3EDE05-C61B-49DD-AD77-AFFCB62F1E8B}.Release|Any CPU.ActiveCfg = Release|Any CPU
		{8B3EDE05-C61B-49DD-AD77-AFFCB62F1E8B}.Release|Any CPU.Build.0 = Release|Any CPU
		{83BCDBF8-6156-4255-8733-322E05D56B0E}.Debug|Any CPU.ActiveCfg = Debug|Any CPU
		{83BCDBF8-6156-4255-8733-322E05D56B0E}.Debug|Any CPU.Build.0 = Debug|Any CPU
		{83BCDBF8-6156-4255-8733-322E05D56B0E}.Release|Any CPU.ActiveCfg = Release|Any CPU
		{83BCDBF8-6156-4255-8733-322E05D56B0E}.Release|Any CPU.Build.0 = Release|Any CPU
		{B5A76778-EE7C-425B-ABCE-E710B97356E3}.Debug|Any CPU.ActiveCfg = Debug|Any CPU
		{B5A76778-EE7C-425B-ABCE-E710B97356E3}.Debug|Any CPU.Build.0 = Debug|Any CPU
		{B5A76778-EE7C-425B-ABCE-E710B97356E3}.Release|Any CPU.ActiveCfg = Release|Any CPU
		{B5A76778-EE7C-425B-ABCE-E710B97356E3}.Release|Any CPU.Build.0 = Release|Any CPU
		{63B553D2-348F-44EC-8294-F23F81AF21E3}.Debug|Any CPU.ActiveCfg = Debug|Any CPU
		{63B553D2-348F-44EC-8294-F23F81AF21E3}.Debug|Any CPU.Build.0 = Debug|Any CPU
		{63B553D2-348F-44EC-8294-F23F81AF21E3}.Release|Any CPU.ActiveCfg = Release|Any CPU
		{63B553D2-348F-44EC-8294-F23F81AF21E3}.Release|Any CPU.Build.0 = Release|Any CPU
		{B94F0052-6E62-404D-88ED-666F219682D0}.Debug|Any CPU.ActiveCfg = Debug|Any CPU
		{B94F0052-6E62-404D-88ED-666F219682D0}.Debug|Any CPU.Build.0 = Debug|Any CPU
		{B94F0052-6E62-404D-88ED-666F219682D0}.Release|Any CPU.ActiveCfg = Release|Any CPU
		{B94F0052-6E62-404D-88ED-666F219682D0}.Release|Any CPU.Build.0 = Release|Any CPU
	EndGlobalSection
	GlobalSection(SolutionProperties) = preSolution
		HideSolutionNode = FALSE
	EndGlobalSection
	GlobalSection(NestedProjects) = preSolution
		{57BC3938-CE23-4600-B06A-00640B68D5C6} = {B65B8969-77CB-4534-B5F1-D2872E5F57EF}
		{10C40BCA-1D6A-44E7-9C8A-09623C74177A} = {B65B8969-77CB-4534-B5F1-D2872E5F57EF}
		{74CF8930-4249-4070-92F8-059100EEC390} = {B65B8969-77CB-4534-B5F1-D2872E5F57EF}
		{4F12AE34-C34B-4533-9E6B-5066A5AD09E1} = {B65B8969-77CB-4534-B5F1-D2872E5F57EF}
		{238CB2F6-5CBB-4DC6-86FC-E7FDCAD5F7C4} = {B65B8969-77CB-4534-B5F1-D2872E5F57EF}
		{80B2E86A-CF3A-4C73-A6AA-3A0575AD5997} = {B65B8969-77CB-4534-B5F1-D2872E5F57EF}
		{8B3EDE05-C61B-49DD-AD77-AFFCB62F1E8B} = {B65B8969-77CB-4534-B5F1-D2872E5F57EF}
		{B5A76778-EE7C-425B-ABCE-E710B97356E3} = {B65B8969-77CB-4534-B5F1-D2872E5F57EF}
		{63B553D2-348F-44EC-8294-F23F81AF21E3} = {B65B8969-77CB-4534-B5F1-D2872E5F57EF}
	EndGlobalSection
	GlobalSection(ExtensibilityGlobals) = postSolution
		SolutionGuid = {B67145D4-08A7-46F7-892A-CF16A9637D3C}
	EndGlobalSection
EndGlobal
